// !$*UTF8*$!
{
	archiveVersion = 1;
	classes = {
	};
	objectVersion = 56;
	objects = {

/* Begin PBXBuildFile section */
		4E1F844629E4992E004C703A /* Extension+UIColor.swift in Sources */ = {isa = PBXBuildFile; fileRef = 4E1F844529E4992D004C703A /* Extension+UIColor.swift */; };
		4E62001529E3C6A800CE1B53 /* AuthApp in Frameworks */ = {isa = PBXBuildFile; productRef = 4E62001429E3C6A800CE1B53 /* AuthApp */; };
		4E62001729E3C6AC00CE1B53 /* UIComponents in Frameworks */ = {isa = PBXBuildFile; productRef = 4E62001629E3C6AC00CE1B53 /* UIComponents */; };
		4E62001929E3C6C700CE1B53 /* UIComponents in Sources */ = {isa = PBXBuildFile; fileRef = 4E62000E29E3C5B400CE1B53 /* UIComponents */; };
		4E62001A29E3C6CB00CE1B53 /* AuthApp in Sources */ = {isa = PBXBuildFile; fileRef = 4E62000D29E3C39900CE1B53 /* AuthApp */; };
		4E62001D29E3C7D000CE1B53 /* Authorization in Sources */ = {isa = PBXBuildFile; fileRef = 4E62001C29E3C75800CE1B53 /* Authorization */; };
		4E62001E29E3C7D400CE1B53 /* Registration in Sources */ = {isa = PBXBuildFile; fileRef = 4E62001B29E3C73800CE1B53 /* Registration */; };
		4E62002029E3C7D800CE1B53 /* Registration in Frameworks */ = {isa = PBXBuildFile; productRef = 4E62001F29E3C7D800CE1B53 /* Registration */; };
		4E62002229E3C7DC00CE1B53 /* Authorization in Frameworks */ = {isa = PBXBuildFile; productRef = 4E62002129E3C7DC00CE1B53 /* Authorization */; };
		4E62002329E3C7EE00CE1B53 /* Authorization in Sources */ = {isa = PBXBuildFile; fileRef = 4E62001C29E3C75800CE1B53 /* Authorization */; };
		4E62002429E3C7F100CE1B53 /* Registration in Sources */ = {isa = PBXBuildFile; fileRef = 4E62001B29E3C73800CE1B53 /* Registration */; };
		4E62002529E3C7F600CE1B53 /* UIComponents in Sources */ = {isa = PBXBuildFile; fileRef = 4E62000E29E3C5B400CE1B53 /* UIComponents */; };
		4E62002629E3C80200CE1B53 /* AuthApp in Sources */ = {isa = PBXBuildFile; fileRef = 4E62000D29E3C39900CE1B53 /* AuthApp */; };
		4E62002729E3C83C00CE1B53 /* UIComponents in Sources */ = {isa = PBXBuildFile; fileRef = 4E62000E29E3C5B400CE1B53 /* UIComponents */; };
		4E62002829E3C84000CE1B53 /* AuthApp in Sources */ = {isa = PBXBuildFile; fileRef = 4E62000D29E3C39900CE1B53 /* AuthApp */; };
		4E62002929E3C84300CE1B53 /* Authorization in Sources */ = {isa = PBXBuildFile; fileRef = 4E62001C29E3C75800CE1B53 /* Authorization */; };
		4E62002A29E3C84600CE1B53 /* Registration in Sources */ = {isa = PBXBuildFile; fileRef = 4E62001B29E3C73800CE1B53 /* Registration */; };
		4ED26D1E29E3B9E9009CB375 /* AppDelegate.swift in Sources */ = {isa = PBXBuildFile; fileRef = 4ED26D1D29E3B9E9009CB375 /* AppDelegate.swift */; };
		4ED26D2729E3B9EB009CB375 /* Assets.xcassets in Resources */ = {isa = PBXBuildFile; fileRef = 4ED26D2629E3B9EB009CB375 /* Assets.xcassets */; };
		4ED26D2A29E3B9EB009CB375 /* LaunchScreen.storyboard in Resources */ = {isa = PBXBuildFile; fileRef = 4ED26D2829E3B9EB009CB375 /* LaunchScreen.storyboard */; };
		4ED26D3529E3B9EB009CB375 /* RegistrationAndAuthorizationProjectTests.swift in Sources */ = {isa = PBXBuildFile; fileRef = 4ED26D3429E3B9EB009CB375 /* RegistrationAndAuthorizationProjectTests.swift */; };
		4ED26D3F29E3B9EB009CB375 /* RegistrationAndAuthorizationProjectUITests.swift in Sources */ = {isa = PBXBuildFile; fileRef = 4ED26D3E29E3B9EB009CB375 /* RegistrationAndAuthorizationProjectUITests.swift */; };
		4ED26D4129E3B9EB009CB375 /* RegistrationAndAuthorizationProjectUITestsLaunchTests.swift in Sources */ = {isa = PBXBuildFile; fileRef = 4ED26D4029E3B9EB009CB375 /* RegistrationAndAuthorizationProjectUITestsLaunchTests.swift */; };
/* End PBXBuildFile section */

/* Begin PBXContainerItemProxy section */
		4ED26D3129E3B9EB009CB375 /* PBXContainerItemProxy */ = {
			isa = PBXContainerItemProxy;
			containerPortal = 4ED26D1229E3B9E9009CB375 /* Project object */;
			proxyType = 1;
			remoteGlobalIDString = 4ED26D1929E3B9E9009CB375;
			remoteInfo = RegistrationAndAuthorizationProject;
		};
		4ED26D3B29E3B9EB009CB375 /* PBXContainerItemProxy */ = {
			isa = PBXContainerItemProxy;
			containerPortal = 4ED26D1229E3B9E9009CB375 /* Project object */;
			proxyType = 1;
			remoteGlobalIDString = 4ED26D1929E3B9E9009CB375;
			remoteInfo = RegistrationAndAuthorizationProject;
		};
/* End PBXContainerItemProxy section */

/* Begin PBXFileReference section */
		4E1F844529E4992D004C703A /* Extension+UIColor.swift */ = {isa = PBXFileReference; lastKnownFileType = sourcecode.swift; name = "Extension+UIColor.swift"; path = "Frameworks/UIComponents/Sources/UIComponents/Extensions/Extension+UIColor.swift"; sourceTree = "<group>"; };
		4E62000D29E3C39900CE1B53 /* AuthApp */ = {isa = PBXFileReference; lastKnownFileType = wrapper; name = AuthApp; path = Frameworks/AuthApp; sourceTree = SOURCE_ROOT; };
		4E62000E29E3C5B400CE1B53 /* UIComponents */ = {isa = PBXFileReference; lastKnownFileType = wrapper; name = UIComponents; path = Frameworks/UIComponents; sourceTree = SOURCE_ROOT; };
		4E62001B29E3C73800CE1B53 /* Registration */ = {isa = PBXFileReference; lastKnownFileType = wrapper; name = Registration; path = RegistrationAndAuthorizationProject/RAAModules/Registration; sourceTree = SOURCE_ROOT; };
		4E62001C29E3C75800CE1B53 /* Authorization */ = {isa = PBXFileReference; lastKnownFileType = wrapper; name = Authorization; path = RegistrationAndAuthorizationProject/RAAModules/Authorization; sourceTree = SOURCE_ROOT; };
		4ED26D1A29E3B9E9009CB375 /* RegistrationAndAuthorizationProject.app */ = {isa = PBXFileReference; explicitFileType = wrapper.application; includeInIndex = 0; path = RegistrationAndAuthorizationProject.app; sourceTree = BUILT_PRODUCTS_DIR; };
		4ED26D1D29E3B9E9009CB375 /* AppDelegate.swift */ = {isa = PBXFileReference; lastKnownFileType = sourcecode.swift; path = AppDelegate.swift; sourceTree = "<group>"; };
		4ED26D2629E3B9EB009CB375 /* Assets.xcassets */ = {isa = PBXFileReference; lastKnownFileType = folder.assetcatalog; path = Assets.xcassets; sourceTree = "<group>"; };
		4ED26D2929E3B9EB009CB375 /* Base */ = {isa = PBXFileReference; lastKnownFileType = file.storyboard; name = Base; path = Base.lproj/LaunchScreen.storyboard; sourceTree = "<group>"; };
		4ED26D2B29E3B9EB009CB375 /* Info.plist */ = {isa = PBXFileReference; lastKnownFileType = text.plist.xml; path = Info.plist; sourceTree = "<group>"; };
		4ED26D3029E3B9EB009CB375 /* RegistrationAndAuthorizationProjectTests.xctest */ = {isa = PBXFileReference; explicitFileType = wrapper.cfbundle; includeInIndex = 0; path = RegistrationAndAuthorizationProjectTests.xctest; sourceTree = BUILT_PRODUCTS_DIR; };
		4ED26D3429E3B9EB009CB375 /* RegistrationAndAuthorizationProjectTests.swift */ = {isa = PBXFileReference; lastKnownFileType = sourcecode.swift; path = RegistrationAndAuthorizationProjectTests.swift; sourceTree = "<group>"; };
		4ED26D3A29E3B9EB009CB375 /* RegistrationAndAuthorizationProjectUITests.xctest */ = {isa = PBXFileReference; explicitFileType = wrapper.cfbundle; includeInIndex = 0; path = RegistrationAndAuthorizationProjectUITests.xctest; sourceTree = BUILT_PRODUCTS_DIR; };
		4ED26D3E29E3B9EB009CB375 /* RegistrationAndAuthorizationProjectUITests.swift */ = {isa = PBXFileReference; lastKnownFileType = sourcecode.swift; path = RegistrationAndAuthorizationProjectUITests.swift; sourceTree = "<group>"; };
		4ED26D4029E3B9EB009CB375 /* RegistrationAndAuthorizationProjectUITestsLaunchTests.swift */ = {isa = PBXFileReference; lastKnownFileType = sourcecode.swift; path = RegistrationAndAuthorizationProjectUITestsLaunchTests.swift; sourceTree = "<group>"; };
/* End PBXFileReference section */

/* Begin PBXFrameworksBuildPhase section */
		4ED26D1729E3B9E9009CB375 /* Frameworks */ = {
			isa = PBXFrameworksBuildPhase;
			buildActionMask = 2147483647;
			files = (
				4E62001729E3C6AC00CE1B53 /* UIComponents in Frameworks */,
				4E62001529E3C6A800CE1B53 /* AuthApp in Frameworks */,
				4E62002229E3C7DC00CE1B53 /* Authorization in Frameworks */,
				4E62002029E3C7D800CE1B53 /* Registration in Frameworks */,
			);
			runOnlyForDeploymentPostprocessing = 0;
		};
		4ED26D2D29E3B9EB009CB375 /* Frameworks */ = {
			isa = PBXFrameworksBuildPhase;
			buildActionMask = 2147483647;
			files = (
			);
			runOnlyForDeploymentPostprocessing = 0;
		};
		4ED26D3729E3B9EB009CB375 /* Frameworks */ = {
			isa = PBXFrameworksBuildPhase;
			buildActionMask = 2147483647;
			files = (
			);
			runOnlyForDeploymentPostprocessing = 0;
		};
/* End PBXFrameworksBuildPhase section */

/* Begin PBXGroup section */
		4E3AA7C429E3E7590021B6DE /* RAAModules */ = {
			isa = PBXGroup;
			children = (
				4E62001C29E3C75800CE1B53 /* Authorization */,
				4E62001B29E3C73800CE1B53 /* Registration */,
			);
			path = RAAModules;
			sourceTree = "<group>";
		};
		4E3AA7C529E3E7790021B6DE /* Frameworks */ = {
			isa = PBXGroup;
			children = (
				4E62000E29E3C5B400CE1B53 /* UIComponents */,
				4E62000D29E3C39900CE1B53 /* AuthApp */,
			);
			path = Frameworks;
			sourceTree = "<group>";
		};
		4ED26D1129E3B9E9009CB375 = {
			isa = PBXGroup;
			children = (
				4E1F844529E4992D004C703A /* Extension+UIColor.swift */,
				4ED26D1C29E3B9E9009CB375 /* RegistrationAndAuthorizationProject */,
				4ED26D3329E3B9EB009CB375 /* RegistrationAndAuthorizationProjectTests */,
				4ED26D3D29E3B9EB009CB375 /* RegistrationAndAuthorizationProjectUITests */,
				4E3AA7C529E3E7790021B6DE /* Frameworks */,
				4ED26D1B29E3B9E9009CB375 /* Products */,
			);
			sourceTree = "<group>";
		};
		4ED26D1B29E3B9E9009CB375 /* Products */ = {
			isa = PBXGroup;
			children = (
				4ED26D1A29E3B9E9009CB375 /* RegistrationAndAuthorizationProject.app */,
				4ED26D3029E3B9EB009CB375 /* RegistrationAndAuthorizationProjectTests.xctest */,
				4ED26D3A29E3B9EB009CB375 /* RegistrationAndAuthorizationProjectUITests.xctest */,
			);
			name = Products;
			sourceTree = "<group>";
		};
		4ED26D1C29E3B9E9009CB375 /* RegistrationAndAuthorizationProject */ = {
			isa = PBXGroup;
			children = (
				4E3AA7C429E3E7590021B6DE /* RAAModules */,
				4ED26D4D29E3BA7D009CB375 /* App */,
				4ED26D4E29E3BA86009CB375 /* SupportingFiles */,
			);
			path = RegistrationAndAuthorizationProject;
			sourceTree = "<group>";
		};
		4ED26D3329E3B9EB009CB375 /* RegistrationAndAuthorizationProjectTests */ = {
			isa = PBXGroup;
			children = (
				4ED26D3429E3B9EB009CB375 /* RegistrationAndAuthorizationProjectTests.swift */,
			);
			path = RegistrationAndAuthorizationProjectTests;
			sourceTree = "<group>";
		};
		4ED26D3D29E3B9EB009CB375 /* RegistrationAndAuthorizationProjectUITests */ = {
			isa = PBXGroup;
			children = (
				4ED26D3E29E3B9EB009CB375 /* RegistrationAndAuthorizationProjectUITests.swift */,
				4ED26D4029E3B9EB009CB375 /* RegistrationAndAuthorizationProjectUITestsLaunchTests.swift */,
			);
			path = RegistrationAndAuthorizationProjectUITests;
			sourceTree = "<group>";
		};
		4ED26D4D29E3BA7D009CB375 /* App */ = {
			isa = PBXGroup;
			children = (
				4ED26D1D29E3B9E9009CB375 /* AppDelegate.swift */,
			);
			path = App;
			sourceTree = "<group>";
		};
		4ED26D4E29E3BA86009CB375 /* SupportingFiles */ = {
			isa = PBXGroup;
			children = (
				4ED26D2629E3B9EB009CB375 /* Assets.xcassets */,
				4ED26D2829E3B9EB009CB375 /* LaunchScreen.storyboard */,
				4ED26D2B29E3B9EB009CB375 /* Info.plist */,
			);
			path = SupportingFiles;
			sourceTree = "<group>";
		};
/* End PBXGroup section */

/* Begin PBXNativeTarget section */
		4ED26D1929E3B9E9009CB375 /* RegistrationAndAuthorizationProject */ = {
			isa = PBXNativeTarget;
			buildConfigurationList = 4ED26D4429E3B9EB009CB375 /* Build configuration list for PBXNativeTarget "RegistrationAndAuthorizationProject" */;
			buildPhases = (
				4ED26D1629E3B9E9009CB375 /* Sources */,
				4ED26D1729E3B9E9009CB375 /* Frameworks */,
				4ED26D1829E3B9E9009CB375 /* Resources */,
			);
			buildRules = (
			);
			dependencies = (
			);
			name = RegistrationAndAuthorizationProject;
			packageProductDependencies = (
				4E62001429E3C6A800CE1B53 /* AuthApp */,
				4E62001629E3C6AC00CE1B53 /* UIComponents */,
				4E62001F29E3C7D800CE1B53 /* Registration */,
				4E62002129E3C7DC00CE1B53 /* Authorization */,
			);
			productName = RegistrationAndAuthorizationProject;
			productReference = 4ED26D1A29E3B9E9009CB375 /* RegistrationAndAuthorizationProject.app */;
			productType = "com.apple.product-type.application";
		};
		4ED26D2F29E3B9EB009CB375 /* RegistrationAndAuthorizationProjectTests */ = {
			isa = PBXNativeTarget;
			buildConfigurationList = 4ED26D4729E3B9EB009CB375 /* Build configuration list for PBXNativeTarget "RegistrationAndAuthorizationProjectTests" */;
			buildPhases = (
				4ED26D2C29E3B9EB009CB375 /* Sources */,
				4ED26D2D29E3B9EB009CB375 /* Frameworks */,
				4ED26D2E29E3B9EB009CB375 /* Resources */,
			);
			buildRules = (
			);
			dependencies = (
				4ED26D3229E3B9EB009CB375 /* PBXTargetDependency */,
			);
			name = RegistrationAndAuthorizationProjectTests;
			productName = RegistrationAndAuthorizationProjectTests;
			productReference = 4ED26D3029E3B9EB009CB375 /* RegistrationAndAuthorizationProjectTests.xctest */;
			productType = "com.apple.product-type.bundle.unit-test";
		};
		4ED26D3929E3B9EB009CB375 /* RegistrationAndAuthorizationProjectUITests */ = {
			isa = PBXNativeTarget;
			buildConfigurationList = 4ED26D4A29E3B9EB009CB375 /* Build configuration list for PBXNativeTarget "RegistrationAndAuthorizationProjectUITests" */;
			buildPhases = (
				4ED26D3629E3B9EB009CB375 /* Sources */,
				4ED26D3729E3B9EB009CB375 /* Frameworks */,
				4ED26D3829E3B9EB009CB375 /* Resources */,
			);
			buildRules = (
			);
			dependencies = (
				4ED26D3C29E3B9EB009CB375 /* PBXTargetDependency */,
			);
			name = RegistrationAndAuthorizationProjectUITests;
			productName = RegistrationAndAuthorizationProjectUITests;
			productReference = 4ED26D3A29E3B9EB009CB375 /* RegistrationAndAuthorizationProjectUITests.xctest */;
			productType = "com.apple.product-type.bundle.ui-testing";
		};
/* End PBXNativeTarget section */

/* Begin PBXProject section */
		4ED26D1229E3B9E9009CB375 /* Project object */ = {
			isa = PBXProject;
			attributes = {
				BuildIndependentTargetsInParallel = 1;
				LastSwiftUpdateCheck = 1430;
				LastUpgradeCheck = 1430;
				TargetAttributes = {
					4ED26D1929E3B9E9009CB375 = {
						CreatedOnToolsVersion = 14.3;
					};
					4ED26D2F29E3B9EB009CB375 = {
						CreatedOnToolsVersion = 14.3;
						TestTargetID = 4ED26D1929E3B9E9009CB375;
					};
					4ED26D3929E3B9EB009CB375 = {
						CreatedOnToolsVersion = 14.3;
						TestTargetID = 4ED26D1929E3B9E9009CB375;
					};
				};
			};
			buildConfigurationList = 4ED26D1529E3B9E9009CB375 /* Build configuration list for PBXProject "RegistrationAndAuthorizationProject" */;
			compatibilityVersion = "Xcode 14.0";
			developmentRegion = en;
			hasScannedForEncodings = 0;
			knownRegions = (
				en,
				Base,
			);
			mainGroup = 4ED26D1129E3B9E9009CB375;
			productRefGroup = 4ED26D1B29E3B9E9009CB375 /* Products */;
			projectDirPath = "";
			projectRoot = "";
			targets = (
				4ED26D1929E3B9E9009CB375 /* RegistrationAndAuthorizationProject */,
				4ED26D2F29E3B9EB009CB375 /* RegistrationAndAuthorizationProjectTests */,
				4ED26D3929E3B9EB009CB375 /* RegistrationAndAuthorizationProjectUITests */,
			);
		};
/* End PBXProject section */

/* Begin PBXResourcesBuildPhase section */
		4ED26D1829E3B9E9009CB375 /* Resources */ = {
			isa = PBXResourcesBuildPhase;
			buildActionMask = 2147483647;
			files = (
				4ED26D2A29E3B9EB009CB375 /* LaunchScreen.storyboard in Resources */,
				4ED26D2729E3B9EB009CB375 /* Assets.xcassets in Resources */,
			);
			runOnlyForDeploymentPostprocessing = 0;
		};
		4ED26D2E29E3B9EB009CB375 /* Resources */ = {
			isa = PBXResourcesBuildPhase;
			buildActionMask = 2147483647;
			files = (
			);
			runOnlyForDeploymentPostprocessing = 0;
		};
		4ED26D3829E3B9EB009CB375 /* Resources */ = {
			isa = PBXResourcesBuildPhase;
			buildActionMask = 2147483647;
			files = (
			);
			runOnlyForDeploymentPostprocessing = 0;
		};
/* End PBXResourcesBuildPhase section */

/* Begin PBXSourcesBuildPhase section */
		4ED26D1629E3B9E9009CB375 /* Sources */ = {
			isa = PBXSourcesBuildPhase;
			buildActionMask = 2147483647;
			files = (
				4E1F844629E4992E004C703A /* Extension+UIColor.swift in Sources */,
				4E62001E29E3C7D400CE1B53 /* Registration in Sources */,
				4E62001D29E3C7D000CE1B53 /* Authorization in Sources */,
				4E62001A29E3C6CB00CE1B53 /* AuthApp in Sources */,
				4E62001929E3C6C700CE1B53 /* UIComponents in Sources */,
				4ED26D1E29E3B9E9009CB375 /* AppDelegate.swift in Sources */,
			);
			runOnlyForDeploymentPostprocessing = 0;
		};
		4ED26D2C29E3B9EB009CB375 /* Sources */ = {
			isa = PBXSourcesBuildPhase;
			buildActionMask = 2147483647;
			files = (
				4E62002629E3C80200CE1B53 /* AuthApp in Sources */,
				4E62002529E3C7F600CE1B53 /* UIComponents in Sources */,
				4E62002429E3C7F100CE1B53 /* Registration in Sources */,
				4E62002329E3C7EE00CE1B53 /* Authorization in Sources */,
				4ED26D3529E3B9EB009CB375 /* RegistrationAndAuthorizationProjectTests.swift in Sources */,
			);
			runOnlyForDeploymentPostprocessing = 0;
		};
		4ED26D3629E3B9EB009CB375 /* Sources */ = {
			isa = PBXSourcesBuildPhase;
			buildActionMask = 2147483647;
			files = (
				4E62002A29E3C84600CE1B53 /* Registration in Sources */,
				4E62002929E3C84300CE1B53 /* Authorization in Sources */,
				4E62002829E3C84000CE1B53 /* AuthApp in Sources */,
				4E62002729E3C83C00CE1B53 /* UIComponents in Sources */,
				4ED26D3F29E3B9EB009CB375 /* RegistrationAndAuthorizationProjectUITests.swift in Sources */,
				4ED26D4129E3B9EB009CB375 /* RegistrationAndAuthorizationProjectUITestsLaunchTests.swift in Sources */,
			);
			runOnlyForDeploymentPostprocessing = 0;
		};
/* End PBXSourcesBuildPhase section */

/* Begin PBXTargetDependency section */
		4ED26D3229E3B9EB009CB375 /* PBXTargetDependency */ = {
			isa = PBXTargetDependency;
			target = 4ED26D1929E3B9E9009CB375 /* RegistrationAndAuthorizationProject */;
			targetProxy = 4ED26D3129E3B9EB009CB375 /* PBXContainerItemProxy */;
		};
		4ED26D3C29E3B9EB009CB375 /* PBXTargetDependency */ = {
			isa = PBXTargetDependency;
			target = 4ED26D1929E3B9E9009CB375 /* RegistrationAndAuthorizationProject */;
			targetProxy = 4ED26D3B29E3B9EB009CB375 /* PBXContainerItemProxy */;
		};
/* End PBXTargetDependency section */

/* Begin PBXVariantGroup section */
		4ED26D2829E3B9EB009CB375 /* LaunchScreen.storyboard */ = {
			isa = PBXVariantGroup;
			children = (
				4ED26D2929E3B9EB009CB375 /* Base */,
			);
			name = LaunchScreen.storyboard;
			sourceTree = "<group>";
		};
/* End PBXVariantGroup section */

/* Begin XCBuildConfiguration section */
		4ED26D4229E3B9EB009CB375 /* Debug */ = {
			isa = XCBuildConfiguration;
			buildSettings = {
				ALWAYS_SEARCH_USER_PATHS = NO;
				CLANG_ANALYZER_NONNULL = YES;
				CLANG_ANALYZER_NUMBER_OBJECT_CONVERSION = YES_AGGRESSIVE;
				CLANG_CXX_LANGUAGE_STANDARD = "gnu++20";
				CLANG_ENABLE_MODULES = YES;
				CLANG_ENABLE_OBJC_ARC = YES;
				CLANG_ENABLE_OBJC_WEAK = YES;
				CLANG_WARN_BLOCK_CAPTURE_AUTORELEASING = YES;
				CLANG_WARN_BOOL_CONVERSION = YES;
				CLANG_WARN_COMMA = YES;
				CLANG_WARN_CONSTANT_CONVERSION = YES;
				CLANG_WARN_DEPRECATED_OBJC_IMPLEMENTATIONS = YES;
				CLANG_WARN_DIRECT_OBJC_ISA_USAGE = YES_ERROR;
				CLANG_WARN_DOCUMENTATION_COMMENTS = YES;
				CLANG_WARN_EMPTY_BODY = YES;
				CLANG_WARN_ENUM_CONVERSION = YES;
				CLANG_WARN_INFINITE_RECURSION = YES;
				CLANG_WARN_INT_CONVERSION = YES;
				CLANG_WARN_NON_LITERAL_NULL_CONVERSION = YES;
				CLANG_WARN_OBJC_IMPLICIT_RETAIN_SELF = YES;
				CLANG_WARN_OBJC_LITERAL_CONVERSION = YES;
				CLANG_WARN_OBJC_ROOT_CLASS = YES_ERROR;
				CLANG_WARN_QUOTED_INCLUDE_IN_FRAMEWORK_HEADER = YES;
				CLANG_WARN_RANGE_LOOP_ANALYSIS = YES;
				CLANG_WARN_STRICT_PROTOTYPES = YES;
				CLANG_WARN_SUSPICIOUS_MOVE = YES;
				CLANG_WARN_UNGUARDED_AVAILABILITY = YES_AGGRESSIVE;
				CLANG_WARN_UNREACHABLE_CODE = YES;
				CLANG_WARN__DUPLICATE_METHOD_MATCH = YES;
				COPY_PHASE_STRIP = NO;
				DEBUG_INFORMATION_FORMAT = dwarf;
				ENABLE_STRICT_OBJC_MSGSEND = YES;
				ENABLE_TESTABILITY = YES;
				GCC_C_LANGUAGE_STANDARD = gnu11;
				GCC_DYNAMIC_NO_PIC = NO;
				GCC_NO_COMMON_BLOCKS = YES;
				GCC_OPTIMIZATION_LEVEL = 0;
				GCC_PREPROCESSOR_DEFINITIONS = (
					"DEBUG=1",
					"$(inherited)",
				);
				GCC_WARN_64_TO_32_BIT_CONVERSION = YES;
				GCC_WARN_ABOUT_RETURN_TYPE = YES_ERROR;
				GCC_WARN_UNDECLARED_SELECTOR = YES;
				GCC_WARN_UNINITIALIZED_AUTOS = YES_AGGRESSIVE;
				GCC_WARN_UNUSED_FUNCTION = YES;
				GCC_WARN_UNUSED_VARIABLE = YES;
				IPHONEOS_DEPLOYMENT_TARGET = 14.0;
				MTL_ENABLE_DEBUG_INFO = INCLUDE_SOURCE;
				MTL_FAST_MATH = YES;
				ONLY_ACTIVE_ARCH = YES;
				SDKROOT = iphoneos;
				SWIFT_ACTIVE_COMPILATION_CONDITIONS = DEBUG;
				SWIFT_OPTIMIZATION_LEVEL = "-Onone";
			};
			name = Debug;
		};
		4ED26D4329E3B9EB009CB375 /* Release */ = {
			isa = XCBuildConfiguration;
			buildSettings = {
				ALWAYS_SEARCH_USER_PATHS = NO;
				CLANG_ANALYZER_NONNULL = YES;
				CLANG_ANALYZER_NUMBER_OBJECT_CONVERSION = YES_AGGRESSIVE;
				CLANG_CXX_LANGUAGE_STANDARD = "gnu++20";
				CLANG_ENABLE_MODULES = YES;
				CLANG_ENABLE_OBJC_ARC = YES;
				CLANG_ENABLE_OBJC_WEAK = YES;
				CLANG_WARN_BLOCK_CAPTURE_AUTORELEASING = YES;
				CLANG_WARN_BOOL_CONVERSION = YES;
				CLANG_WARN_COMMA = YES;
				CLANG_WARN_CONSTANT_CONVERSION = YES;
				CLANG_WARN_DEPRECATED_OBJC_IMPLEMENTATIONS = YES;
				CLANG_WARN_DIRECT_OBJC_ISA_USAGE = YES_ERROR;
				CLANG_WARN_DOCUMENTATION_COMMENTS = YES;
				CLANG_WARN_EMPTY_BODY = YES;
				CLANG_WARN_ENUM_CONVERSION = YES;
				CLANG_WARN_INFINITE_RECURSION = YES;
				CLANG_WARN_INT_CONVERSION = YES;
				CLANG_WARN_NON_LITERAL_NULL_CONVERSION = YES;
				CLANG_WARN_OBJC_IMPLICIT_RETAIN_SELF = YES;
				CLANG_WARN_OBJC_LITERAL_CONVERSION = YES;
				CLANG_WARN_OBJC_ROOT_CLASS = YES_ERROR;
				CLANG_WARN_QUOTED_INCLUDE_IN_FRAMEWORK_HEADER = YES;
				CLANG_WARN_RANGE_LOOP_ANALYSIS = YES;
				CLANG_WARN_STRICT_PROTOTYPES = YES;
				CLANG_WARN_SUSPICIOUS_MOVE = YES;
				CLANG_WARN_UNGUARDED_AVAILABILITY = YES_AGGRESSIVE;
				CLANG_WARN_UNREACHABLE_CODE = YES;
				CLANG_WARN__DUPLICATE_METHOD_MATCH = YES;
				COPY_PHASE_STRIP = NO;
				DEBUG_INFORMATION_FORMAT = "dwarf-with-dsym";
				ENABLE_NS_ASSERTIONS = NO;
				ENABLE_STRICT_OBJC_MSGSEND = YES;
				GCC_C_LANGUAGE_STANDARD = gnu11;
				GCC_NO_COMMON_BLOCKS = YES;
				GCC_WARN_64_TO_32_BIT_CONVERSION = YES;
				GCC_WARN_ABOUT_RETURN_TYPE = YES_ERROR;
				GCC_WARN_UNDECLARED_SELECTOR = YES;
				GCC_WARN_UNINITIALIZED_AUTOS = YES_AGGRESSIVE;
				GCC_WARN_UNUSED_FUNCTION = YES;
				GCC_WARN_UNUSED_VARIABLE = YES;
				IPHONEOS_DEPLOYMENT_TARGET = 14.0;
				MTL_ENABLE_DEBUG_INFO = NO;
				MTL_FAST_MATH = YES;
				SDKROOT = iphoneos;
				SWIFT_COMPILATION_MODE = wholemodule;
				SWIFT_OPTIMIZATION_LEVEL = "-O";
				VALIDATE_PRODUCT = YES;
			};
			name = Release;
		};
		4ED26D4529E3B9EB009CB375 /* Debug */ = {
			isa = XCBuildConfiguration;
			buildSettings = {
				ASSETCATALOG_COMPILER_APPICON_NAME = AppIcon;
				ASSETCATALOG_COMPILER_GLOBAL_ACCENT_COLOR_NAME = AccentColor;
				CODE_SIGN_STYLE = Automatic;
				CURRENT_PROJECT_VERSION = 1;
				DEVELOPMENT_TEAM = G52SNX4NPA;
				GENERATE_INFOPLIST_FILE = YES;
				INFOPLIST_FILE = RegistrationAndAuthorizationProject/SupportingFiles/Info.plist;
				INFOPLIST_KEY_UIApplicationSupportsIndirectInputEvents = YES;
				INFOPLIST_KEY_UILaunchStoryboardName = LaunchScreen;
				INFOPLIST_KEY_UISupportedInterfaceOrientations_iPad = "UIInterfaceOrientationPortrait UIInterfaceOrientationPortraitUpsideDown UIInterfaceOrientationLandscapeLeft UIInterfaceOrientationLandscapeRight";
				INFOPLIST_KEY_UISupportedInterfaceOrientations_iPhone = "UIInterfaceOrientationPortrait UIInterfaceOrientationLandscapeLeft UIInterfaceOrientationLandscapeRight";
				IPHONEOS_DEPLOYMENT_TARGET = 14.0;
				LD_RUNPATH_SEARCH_PATHS = (
					"$(inherited)",
					"@executable_path/Frameworks",
				);
				MARKETING_VERSION = 1.0;
				PRODUCT_BUNDLE_IDENTIFIER = com.loginov.RegistrationAndAuthorizationProject;
				PRODUCT_NAME = "$(TARGET_NAME)";
				SWIFT_EMIT_LOC_STRINGS = YES;
				SWIFT_VERSION = 5.0;
				TARGETED_DEVICE_FAMILY = "1,2";
			};
			name = Debug;
		};
		4ED26D4629E3B9EB009CB375 /* Release */ = {
			isa = XCBuildConfiguration;
			buildSettings = {
				ASSETCATALOG_COMPILER_APPICON_NAME = AppIcon;
				ASSETCATALOG_COMPILER_GLOBAL_ACCENT_COLOR_NAME = AccentColor;
				CODE_SIGN_STYLE = Automatic;
				CURRENT_PROJECT_VERSION = 1;
				DEVELOPMENT_TEAM = G52SNX4NPA;
				GENERATE_INFOPLIST_FILE = YES;
				INFOPLIST_FILE = RegistrationAndAuthorizationProject/SupportingFiles/Info.plist;
				INFOPLIST_KEY_UIApplicationSupportsIndirectInputEvents = YES;
				INFOPLIST_KEY_UILaunchStoryboardName = LaunchScreen;
				INFOPLIST_KEY_UISupportedInterfaceOrientations_iPad = "UIInterfaceOrientationPortrait UIInterfaceOrientationPortraitUpsideDown UIInterfaceOrientationLandscapeLeft UIInterfaceOrientationLandscapeRight";
				INFOPLIST_KEY_UISupportedInterfaceOrientations_iPhone = "UIInterfaceOrientationPortrait UIInterfaceOrientationLandscapeLeft UIInterfaceOrientationLandscapeRight";
				IPHONEOS_DEPLOYMENT_TARGET = 14.0;
				LD_RUNPATH_SEARCH_PATHS = (
					"$(inherited)",
					"@executable_path/Frameworks",
				);
				MARKETING_VERSION = 1.0;
				PRODUCT_BUNDLE_IDENTIFIER = com.loginov.RegistrationAndAuthorizationProject;
				PRODUCT_NAME = "$(TARGET_NAME)";
				SWIFT_EMIT_LOC_STRINGS = YES;
				SWIFT_VERSION = 5.0;
				TARGETED_DEVICE_FAMILY = "1,2";
			};
			name = Release;
		};
		4ED26D4829E3B9EB009CB375 /* Debug */ = {
			isa = XCBuildConfiguration;
			buildSettings = {
				ALWAYS_EMBED_SWIFT_STANDARD_LIBRARIES = YES;
				BUNDLE_LOADER = "$(TEST_HOST)";
				CODE_SIGN_STYLE = Automatic;
				CURRENT_PROJECT_VERSION = 1;
				DEVELOPMENT_TEAM = G52SNX4NPA;
				GENERATE_INFOPLIST_FILE = YES;
				IPHONEOS_DEPLOYMENT_TARGET = 14.0;
				MARKETING_VERSION = 1.0;
				PRODUCT_BUNDLE_IDENTIFIER = com.loginov.RegistrationAndAuthorizationProjectTests;
				PRODUCT_NAME = "$(TARGET_NAME)";
				SWIFT_EMIT_LOC_STRINGS = NO;
				SWIFT_VERSION = 5.0;
				TARGETED_DEVICE_FAMILY = "1,2";
				TEST_HOST = "$(BUILT_PRODUCTS_DIR)/RegistrationAndAuthorizationProject.app/$(BUNDLE_EXECUTABLE_FOLDER_PATH)/RegistrationAndAuthorizationProject";
			};
			name = Debug;
		};
		4ED26D4929E3B9EB009CB375 /* Release */ = {
			isa = XCBuildConfiguration;
			buildSettings = {
				ALWAYS_EMBED_SWIFT_STANDARD_LIBRARIES = YES;
				BUNDLE_LOADER = "$(TEST_HOST)";
				CODE_SIGN_STYLE = Automatic;
				CURRENT_PROJECT_VERSION = 1;
				DEVELOPMENT_TEAM = G52SNX4NPA;
				GENERATE_INFOPLIST_FILE = YES;
				IPHONEOS_DEPLOYMENT_TARGET = 14.0;
				MARKETING_VERSION = 1.0;
				PRODUCT_BUNDLE_IDENTIFIER = com.loginov.RegistrationAndAuthorizationProjectTests;
				PRODUCT_NAME = "$(TARGET_NAME)";
				SWIFT_EMIT_LOC_STRINGS = NO;
				SWIFT_VERSION = 5.0;
				TARGETED_DEVICE_FAMILY = "1,2";
				TEST_HOST = "$(BUILT_PRODUCTS_DIR)/RegistrationAndAuthorizationProject.app/$(BUNDLE_EXECUTABLE_FOLDER_PATH)/RegistrationAndAuthorizationProject";
			};
			name = Release;
		};
		4ED26D4B29E3B9EB009CB375 /* Debug */ = {
			isa = XCBuildConfiguration;
			buildSettings = {
				ALWAYS_EMBED_SWIFT_STANDARD_LIBRARIES = YES;
				CODE_SIGN_STYLE = Automatic;
				CURRENT_PROJECT_VERSION = 1;
				DEVELOPMENT_TEAM = G52SNX4NPA;
				GENERATE_INFOPLIST_FILE = YES;
				IPHONEOS_DEPLOYMENT_TARGET = 14.0;
				MARKETING_VERSION = 1.0;
				PRODUCT_BUNDLE_IDENTIFIER = com.loginov.RegistrationAndAuthorizationProjectUITests;
				PRODUCT_NAME = "$(TARGET_NAME)";
				SWIFT_EMIT_LOC_STRINGS = NO;
				SWIFT_VERSION = 5.0;
				TARGETED_DEVICE_FAMILY = "1,2";
				TEST_TARGET_NAME = RegistrationAndAuthorizationProject;
			};
			name = Debug;
		};
		4ED26D4C29E3B9EB009CB375 /* Release */ = {
			isa = XCBuildConfiguration;
			buildSettings = {
				ALWAYS_EMBED_SWIFT_STANDARD_LIBRARIES = YES;
				CODE_SIGN_STYLE = Automatic;
				CURRENT_PROJECT_VERSION = 1;
				DEVELOPMENT_TEAM = G52SNX4NPA;
				GENERATE_INFOPLIST_FILE = YES;
				IPHONEOS_DEPLOYMENT_TARGET = 14.0;
				MARKETING_VERSION = 1.0;
				PRODUCT_BUNDLE_IDENTIFIER = com.loginov.RegistrationAndAuthorizationProjectUITests;
				PRODUCT_NAME = "$(TARGET_NAME)";
				SWIFT_EMIT_LOC_STRINGS = NO;
				SWIFT_VERSION = 5.0;
				TARGETED_DEVICE_FAMILY = "1,2";
				TEST_TARGET_NAME = RegistrationAndAuthorizationProject;
			};
			name = Release;
		};
/* End XCBuildConfiguration section */

/* Begin XCConfigurationList section */
		4ED26D1529E3B9E9009CB375 /* Build configuration list for PBXProject "RegistrationAndAuthorizationProject" */ = {
			isa = XCConfigurationList;
			buildConfigurations = (
				4ED26D4229E3B9EB009CB375 /* Debug */,
				4ED26D4329E3B9EB009CB375 /* Release */,
			);
			defaultConfigurationIsVisible = 0;
			defaultConfigurationName = Release;
		};
		4ED26D4429E3B9EB009CB375 /* Build configuration list for PBXNativeTarget "RegistrationAndAuthorizationProject" */ = {
			isa = XCConfigurationList;
			buildConfigurations = (
				4ED26D4529E3B9EB009CB375 /* Debug */,
				4ED26D4629E3B9EB009CB375 /* Release */,
			);
			defaultConfigurationIsVisible = 0;
			defaultConfigurationName = Release;
		};
		4ED26D4729E3B9EB009CB375 /* Build configuration list for PBXNativeTarget "RegistrationAndAuthorizationProjectTests" */ = {
			isa = XCConfigurationList;
			buildConfigurations = (
				4ED26D4829E3B9EB009CB375 /* Debug */,
				4ED26D4929E3B9EB009CB375 /* Release */,
			);
			defaultConfigurationIsVisible = 0;
			defaultConfigurationName = Release;
		};
		4ED26D4A29E3B9EB009CB375 /* Build configuration list for PBXNativeTarget "RegistrationAndAuthorizationProjectUITests" */ = {
			isa = XCConfigurationList;
			buildConfigurations = (
				4ED26D4B29E3B9EB009CB375 /* Debug */,
				4ED26D4C29E3B9EB009CB375 /* Release */,
			);
			defaultConfigurationIsVisible = 0;
			defaultConfigurationName = Release;
		};
/* End XCConfigurationList section */

/* Begin XCSwiftPackageProductDependency section */
		4E62001429E3C6A800CE1B53 /* AuthApp */ = {
			isa = XCSwiftPackageProductDependency;
			productName = AuthApp;
		};
		4E62001629E3C6AC00CE1B53 /* UIComponents */ = {
			isa = XCSwiftPackageProductDependency;
			productName = UIComponents;
		};
		4E62001F29E3C7D800CE1B53 /* Registration */ = {
			isa = XCSwiftPackageProductDependency;
			productName = Registration;
		};
		4E62002129E3C7DC00CE1B53 /* Authorization */ = {
			isa = XCSwiftPackageProductDependency;
			productName = Authorization;
		};
/* End XCSwiftPackageProductDependency section */
	};
	rootObject = 4ED26D1229E3B9E9009CB375 /* Project object */;
}
